
Microsoft Visual Studio Solution File, Format Version 12.00
# Visual Studio Version 17
VisualStudioVersion = 17.11.35312.102
MinimumVisualStudioVersion = 10.0.40219.1
Project("{FAE04EC0-301F-11D3-BF4B-00C04F79EFBC}") = "LoginAndSearch", "LoginAndSearch\LoginAndSearch.csproj", "{551BED4A-AE65-4585-9408-38B8088E1CE1}"
EndProject
Global
	GlobalSection(SolutionConfigurationPlatforms) = preSolution
		Debug|Any CPU = Debug|Any CPU
		Release|Any CPU = Release|Any CPU
	EndGlobalSection
	GlobalSection(ProjectConfigurationPlatforms) = postSolution
		{551BED4A-AE65-4585-9408-38B8088E1CE1}.Debug|Any CPU.ActiveCfg = Debug|Any CPU
		{551BED4A-AE65-4585-9408-38B8088E1CE1}.Debug|Any CPU.Build.0 = Debug|Any CPU
		{551BED4A-AE65-4585-9408-38B8088E1CE1}.Release|Any CPU.ActiveCfg = Release|Any CPU
		{551BED4A-AE65-4585-9408-38B8088E1CE1}.Release|Any CPU.Build.0 = Release|Any CPU
	EndGlobalSection
	GlobalSection(SolutionProperties) = preSolution
		HideSolutionNode = FALSE
	EndGlobalSection
	GlobalSection(ExtensibilityGlobals) = postSolution
		SolutionGuid = {834DA879-3C24-428B-ADA8-7DAB87EE8C56}
	EndGlobalSection
EndGlobal
